// !$*UTF8*$!
{
	archiveVersion = 1;
	classes = {
	};
	objectVersion = 52;
	objects = {

/* Begin PBXBuildFile section */
		E222BE1F255CD33C000A2FC2 /* Post.swift in Sources */ = {isa = PBXBuildFile; fileRef = E222BE1E255CD33C000A2FC2 /* Post.swift */; };
		E23F6B652557B2D30090BA30 /* Home.swift in Sources */ = {isa = PBXBuildFile; fileRef = E23F6B642557B2D30090BA30 /* Home.swift */; };
		E27D9A6F25564C83001B9EE3 /* AppDelegate.swift in Sources */ = {isa = PBXBuildFile; fileRef = E27D9A6E25564C83001B9EE3 /* AppDelegate.swift */; };
		E27D9A7125564C83001B9EE3 /* SceneDelegate.swift in Sources */ = {isa = PBXBuildFile; fileRef = E27D9A7025564C83001B9EE3 /* SceneDelegate.swift */; };
		E27D9A7325564C83001B9EE3 /* ContentView.swift in Sources */ = {isa = PBXBuildFile; fileRef = E27D9A7225564C83001B9EE3 /* ContentView.swift */; };
		E27D9A7525564C83001B9EE3 /* Assets.xcassets in Resources */ = {isa = PBXBuildFile; fileRef = E27D9A7425564C83001B9EE3 /* Assets.xcassets */; };
		E27D9A7825564C83001B9EE3 /* Preview Assets.xcassets in Resources */ = {isa = PBXBuildFile; fileRef = E27D9A7725564C83001B9EE3 /* Preview Assets.xcassets */; };
		E27D9A7B25564C84001B9EE3 /* LaunchScreen.storyboard in Resources */ = {isa = PBXBuildFile; fileRef = E27D9A7925564C84001B9EE3 /* LaunchScreen.storyboard */; };
		E27D9A8425564D46001B9EE3 /* SDWebImageSwiftUI in Frameworks */ = {isa = PBXBuildFile; productRef = E27D9A8325564D46001B9EE3 /* SDWebImageSwiftUI */; };
		E27D9A8625564E00001B9EE3 /* reactions in Resources */ = {isa = PBXBuildFile; fileRef = E27D9A8525564E00001B9EE3 /* reactions */; };
/* End PBXBuildFile section */

/* Begin PBXFileReference section */
		E222BE1E255CD33C000A2FC2 /* Post.swift */ = {isa = PBXFileReference; lastKnownFileType = sourcecode.swift; path = Post.swift; sourceTree = "<group>"; };
		E23F6B642557B2D30090BA30 /* Home.swift */ = {isa = PBXFileReference; lastKnownFileType = sourcecode.swift; path = Home.swift; sourceTree = "<group>"; };
		E27D9A6B25564C83001B9EE3 /* MentalHealthApp.app */ = {isa = PBXFileReference; explicitFileType = wrapper.application; includeInIndex = 0; path = MentalHealthApp.app; sourceTree = BUILT_PRODUCTS_DIR; };
		E27D9A6E25564C83001B9EE3 /* AppDelegate.swift */ = {isa = PBXFileReference; lastKnownFileType = sourcecode.swift; path = AppDelegate.swift; sourceTree = "<group>"; };
		E27D9A7025564C83001B9EE3 /* SceneDelegate.swift */ = {isa = PBXFileReference; lastKnownFileType = sourcecode.swift; path = SceneDelegate.swift; sourceTree = "<group>"; };
		E27D9A7225564C83001B9EE3 /* ContentView.swift */ = {isa = PBXFileReference; lastKnownFileType = sourcecode.swift; path = ContentView.swift; sourceTree = "<group>"; };
		E27D9A7425564C83001B9EE3 /* Assets.xcassets */ = {isa = PBXFileReference; lastKnownFileType = folder.assetcatalog; path = Assets.xcassets; sourceTree = "<group>"; };
		E27D9A7725564C83001B9EE3 /* Preview Assets.xcassets */ = {isa = PBXFileReference; lastKnownFileType = folder.assetcatalog; path = "Preview Assets.xcassets"; sourceTree = "<group>"; };
		E27D9A7A25564C84001B9EE3 /* Base */ = {isa = PBXFileReference; lastKnownFileType = file.storyboard; name = Base; path = Base.lproj/LaunchScreen.storyboard; sourceTree = "<group>"; };
		E27D9A7C25564C84001B9EE3 /* Info.plist */ = {isa = PBXFileReference; lastKnownFileType = text.plist.xml; path = Info.plist; sourceTree = "<group>"; };
		E27D9A8525564E00001B9EE3 /* reactions */ = {isa = PBXFileReference; lastKnownFileType = folder; path = reactions; sourceTree = "<group>"; };
/* End PBXFileReference section */

/* Begin PBXFrameworksBuildPhase section */
		E27D9A6825564C83001B9EE3 /* Frameworks */ = {
			isa = PBXFrameworksBuildPhase;
			buildActionMask = 2147483647;
			files = (
				E27D9A8425564D46001B9EE3 /* SDWebImageSwiftUI in Frameworks */,
			);
			runOnlyForDeploymentPostprocessing = 0;
		};
/* End PBXFrameworksBuildPhase section */

/* Begin PBXGroup section */
		E222BE1D255CD32A000A2FC2 /* Model */ = {
			isa = PBXGroup;
			children = (
				E222BE1E255CD33C000A2FC2 /* Post.swift */,
			);
			path = Model;
			sourceTree = "<group>";
		};
		E23F6B632557B2BF0090BA30 /* View */ = {
			isa = PBXGroup;
			children = (
				E23F6B642557B2D30090BA30 /* Home.swift */,
			);
			path = View;
			sourceTree = "<group>";
		};
		E27D9A6225564C83001B9EE3 = {
			isa = PBXGroup;
			children = (
				E27D9A6D25564C83001B9EE3 /* MentalHealthApp */,
				E27D9A6C25564C83001B9EE3 /* Products */,
			);
			sourceTree = "<group>";
		};
		E27D9A6C25564C83001B9EE3 /* Products */ = {
			isa = PBXGroup;
			children = (
				E27D9A6B25564C83001B9EE3 /* MentalHealthApp.app */,
			);
			name = Products;
			sourceTree = "<group>";
		};
		E27D9A6D25564C83001B9EE3 /* MentalHealthApp */ = {
			isa = PBXGroup;
			children = (
				E222BE1D255CD32A000A2FC2 /* Model */,
				E23F6B632557B2BF0090BA30 /* View */,
				E27D9A8525564E00001B9EE3 /* reactions */,
				E27D9A6E25564C83001B9EE3 /* AppDelegate.swift */,
				E27D9A7025564C83001B9EE3 /* SceneDelegate.swift */,
				E27D9A7225564C83001B9EE3 /* ContentView.swift */,
				E27D9A7425564C83001B9EE3 /* Assets.xcassets */,
				E27D9A7925564C84001B9EE3 /* LaunchScreen.storyboard */,
				E27D9A7C25564C84001B9EE3 /* Info.plist */,
				E27D9A7625564C83001B9EE3 /* Preview Content */,
			);
			path = MentalHealthApp;
			sourceTree = "<group>";
		};
		E27D9A7625564C83001B9EE3 /* Preview Content */ = {
			isa = PBXGroup;
			children = (
				E27D9A7725564C83001B9EE3 /* Preview Assets.xcassets */,
			);
			path = "Preview Content";
			sourceTree = "<group>";
		};
/* End PBXGroup section */

/* Begin PBXNativeTarget section */
		E27D9A6A25564C83001B9EE3 /* MentalHealthApp */ = {
			isa = PBXNativeTarget;
			buildConfigurationList = E27D9A7F25564C84001B9EE3 /* Build configuration list for PBXNativeTarget "MentalHealthApp" */;
			buildPhases = (
				E27D9A6725564C83001B9EE3 /* Sources */,
				E27D9A6825564C83001B9EE3 /* Frameworks */,
				E27D9A6925564C83001B9EE3 /* Resources */,
			);
			buildRules = (
			);
			dependencies = (
			);
			name = MentalHealthApp;
			packageProductDependencies = (
				E27D9A8325564D46001B9EE3 /* SDWebImageSwiftUI */,
			);
			productName = MentalHealthApp;
			productReference = E27D9A6B25564C83001B9EE3 /* MentalHealthApp.app */;
			productType = "com.apple.product-type.application";
		};
/* End PBXNativeTarget section */

/* Begin PBXProject section */
		E27D9A6325564C83001B9EE3 /* Project object */ = {
			isa = PBXProject;
			attributes = {
				LastSwiftUpdateCheck = 1200;
				LastUpgradeCheck = 1200;
				TargetAttributes = {
					E27D9A6A25564C83001B9EE3 = {
						CreatedOnToolsVersion = 12.0;
					};
				};
			};
			buildConfigurationList = E27D9A6625564C83001B9EE3 /* Build configuration list for PBXProject "MentalHealthApp" */;
			compatibilityVersion = "Xcode 9.3";
			developmentRegion = en;
			hasScannedForEncodings = 0;
			knownRegions = (
				en,
				Base,
			);
			mainGroup = E27D9A6225564C83001B9EE3;
			packageReferences = (
				E27D9A8225564D46001B9EE3 /* XCRemoteSwiftPackageReference "SDWebImageSwiftUI" */,
			);
			productRefGroup = E27D9A6C25564C83001B9EE3 /* Products */;
			projectDirPath = "";
			projectRoot = "";
			targets = (
				E27D9A6A25564C83001B9EE3 /* MentalHealthApp */,
			);
		};
/* End PBXProject section */

/* Begin PBXResourcesBuildPhase section */
		E27D9A6925564C83001B9EE3 /* Resources */ = {
			isa = PBXResourcesBuildPhase;
			buildActionMask = 2147483647;
			files = (
				E27D9A7B25564C84001B9EE3 /* LaunchScreen.storyboard in Resources */,
				E27D9A8625564E00001B9EE3 /* reactions in Resources */,
				E27D9A7825564C83001B9EE3 /* Preview Assets.xcassets in Resources */,
				E27D9A7525564C83001B9EE3 /* Assets.xcassets in Resources */,
			);
			runOnlyForDeploymentPostprocessing = 0;
		};
/* End PBXResourcesBuildPhase section */

/* Begin PBXSourcesBuildPhase section */
		E27D9A6725564C83001B9EE3 /* Sources */ = {
			isa = PBXSourcesBuildPhase;
			buildActionMask = 2147483647;
			files = (
				E27D9A6F25564C83001B9EE3 /* AppDelegate.swift in Sources */,
				E27D9A7125564C83001B9EE3 /* SceneDelegate.swift in Sources */,
				E23F6B652557B2D30090BA30 /* Home.swift in Sources */,
				E27D9A7325564C83001B9EE3 /* ContentView.swift in Sources */,
				E222BE1F255CD33C000A2FC2 /* Post.swift in Sources */,
			);
			runOnlyForDeploymentPostprocessing = 0;
		};
/* End PBXSourcesBuildPhase section */

/* Begin PBXVariantGroup section */
		E27D9A7925564C84001B9EE3 /* LaunchScreen.storyboard */ = {
			isa = PBXVariantGroup;
			children = (
				E27D9A7A25564C84001B9EE3 /* Base */,
			);
			name = LaunchScreen.storyboard;
			sourceTree = "<group>";
		};
/* End PBXVariantGroup section */

/* Begin XCBuildConfiguration section */
		E27D9A7D25564C84001B9EE3 /* Debug */ = {
			isa = XCBuildConfiguration;
			buildSettings = {
				ALWAYS_SEARCH_USER_PATHS = NO;
				CLANG_ANALYZER_NONNULL = YES;
				CLANG_ANALYZER_NUMBER_OBJECT_CONVERSION = YES_AGGRESSIVE;
				CLANG_CXX_LANGUAGE_STANDARD = "gnu++14";
				CLANG_CXX_LIBRARY = "libc++";
				CLANG_ENABLE_MODULES = YES;
				CLANG_ENABLE_OBJC_ARC = YES;
				CLANG_ENABLE_OBJC_WEAK = YES;
				CLANG_WARN_BLOCK_CAPTURE_AUTORELEASING = YES;
				CLANG_WARN_BOOL_CONVERSION = YES;
				CLANG_WARN_COMMA = YES;
				CLANG_WARN_CONSTANT_CONVERSION = YES;
				CLANG_WARN_DEPRECATED_OBJC_IMPLEMENTATIONS = YES;
				CLANG_WARN_DIRECT_OBJC_ISA_USAGE = YES_ERROR;
				CLANG_WARN_DOCUMENTATION_COMMENTS = YES;
				CLANG_WARN_EMPTY_BODY = YES;
				CLANG_WARN_ENUM_CONVERSION = YES;
				CLANG_WARN_INFINITE_RECURSION = YES;
				CLANG_WARN_INT_CONVERSION = YES;
				CLANG_WARN_NON_LITERAL_NULL_CONVERSION = YES;
				CLANG_WARN_OBJC_IMPLICIT_RETAIN_SELF = YES;
				CLANG_WARN_OBJC_LITERAL_CONVERSION = YES;
				CLANG_WARN_OBJC_ROOT_CLASS = YES_ERROR;
				CLANG_WARN_QUOTED_INCLUDE_IN_FRAMEWORK_HEADER = YES;
				CLANG_WARN_RANGE_LOOP_ANALYSIS = YES;
				CLANG_WARN_STRICT_PROTOTYPES = YES;
				CLANG_WARN_SUSPICIOUS_MOVE = YES;
				CLANG_WARN_UNGUARDED_AVAILABILITY = YES_AGGRESSIVE;
				CLANG_WARN_UNREACHABLE_CODE = YES;
				CLANG_WARN__DUPLICATE_METHOD_MATCH = YES;
				COPY_PHASE_STRIP = NO;
				DEBUG_INFORMATION_FORMAT = dwarf;
				ENABLE_STRICT_OBJC_MSGSEND = YES;
				ENABLE_TESTABILITY = YES;
				GCC_C_LANGUAGE_STANDARD = gnu11;
				GCC_DYNAMIC_NO_PIC = NO;
				GCC_NO_COMMON_BLOCKS = YES;
				GCC_OPTIMIZATION_LEVEL = 0;
				GCC_PREPROCESSOR_DEFINITIONS = (
					"DEBUG=1",
					"$(inherited)",
				);
				GCC_WARN_64_TO_32_BIT_CONVERSION = YES;
				GCC_WARN_ABOUT_RETURN_TYPE = YES_ERROR;
				GCC_WARN_UNDECLARED_SELECTOR = YES;
				GCC_WARN_UNINITIALIZED_AUTOS = YES_AGGRESSIVE;
				GCC_WARN_UNUSED_FUNCTION = YES;
				GCC_WARN_UNUSED_VARIABLE = YES;
				IPHONEOS_DEPLOYMENT_TARGET = 14.0;
				MTL_ENABLE_DEBUG_INFO = INCLUDE_SOURCE;
				MTL_FAST_MATH = YES;
				ONLY_ACTIVE_ARCH = YES;
				SDKROOT = iphoneos;
				SWIFT_ACTIVE_COMPILATION_CONDITIONS = DEBUG;
				SWIFT_OPTIMIZATION_LEVEL = "-Onone";
			};
			name = Debug;
		};
		E27D9A7E25564C84001B9EE3 /* Release */ = {
			isa = XCBuildConfiguration;
			buildSettings = {
				ALWAYS_SEARCH_USER_PATHS = NO;
				CLANG_ANALYZER_NONNULL = YES;
				CLANG_ANALYZER_NUMBER_OBJECT_CONVERSION = YES_AGGRESSIVE;
				CLANG_CXX_LANGUAGE_STANDARD = "gnu++14";
				CLANG_CXX_LIBRARY = "libc++";
				CLANG_ENABLE_MODULES = YES;
				CLANG_ENABLE_OBJC_ARC = YES;
				CLANG_ENABLE_OBJC_WEAK = YES;
				CLANG_WARN_BLOCK_CAPTURE_AUTORELEASING = YES;
				CLANG_WARN_BOOL_CONVERSION = YES;
				CLANG_WARN_COMMA = YES;
				CLANG_WARN_CONSTANT_CONVERSION = YES;
				CLANG_WARN_DEPRECATED_OBJC_IMPLEMENTATIONS = YES;
				CLANG_WARN_DIRECT_OBJC_ISA_USAGE = YES_ERROR;
				CLANG_WARN_DOCUMENTATION_COMMENTS = YES;
				CLANG_WARN_EMPTY_BODY = YES;
				CLANG_WARN_ENUM_CONVERSION = YES;
				CLANG_WARN_INFINITE_RECURSION = YES;
				CLANG_WARN_INT_CONVERSION = YES;
				CLANG_WARN_NON_LITERAL_NULL_CONVERSION = YES;
				CLANG_WARN_OBJC_IMPLICIT_RETAIN_SELF = YES;
				CLANG_WARN_OBJC_LITERAL_CONVERSION = YES;
				CLANG_WARN_OBJC_ROOT_CLASS = YES_ERROR;
				CLANG_WARN_QUOTED_INCLUDE_IN_FRAMEWORK_HEADER = YES;
				CLANG_WARN_RANGE_LOOP_ANALYSIS = YES;
				CLANG_WARN_STRICT_PROTOTYPES = YES;
				CLANG_WARN_SUSPICIOUS_MOVE = YES;
				CLANG_WARN_UNGUARDED_AVAILABILITY = YES_AGGRESSIVE;
				CLANG_WARN_UNREACHABLE_CODE = YES;
				CLANG_WARN__DUPLICATE_METHOD_MATCH = YES;
				COPY_PHASE_STRIP = NO;
				DEBUG_INFORMATION_FORMAT = "dwarf-with-dsym";
				ENABLE_NS_ASSERTIONS = NO;
				ENABLE_STRICT_OBJC_MSGSEND = YES;
				GCC_C_LANGUAGE_STANDARD = gnu11;
				GCC_NO_COMMON_BLOCKS = YES;
				GCC_WARN_64_TO_32_BIT_CONVERSION = YES;
				GCC_WARN_ABOUT_RETURN_TYPE = YES_ERROR;
				GCC_WARN_UNDECLARED_SELECTOR = YES;
				GCC_WARN_UNINITIALIZED_AUTOS = YES_AGGRESSIVE;
				GCC_WARN_UNUSED_FUNCTION = YES;
				GCC_WARN_UNUSED_VARIABLE = YES;
				IPHONEOS_DEPLOYMENT_TARGET = 14.0;
				MTL_ENABLE_DEBUG_INFO = NO;
				MTL_FAST_MATH = YES;
				SDKROOT = iphoneos;
				SWIFT_COMPILATION_MODE = wholemodule;
				SWIFT_OPTIMIZATION_LEVEL = "-O";
				VALIDATE_PRODUCT = YES;
			};
			name = Release;
		};
		E27D9A8025564C84001B9EE3 /* Debug */ = {
			isa = XCBuildConfiguration;
			buildSettings = {
				ASSETCATALOG_COMPILER_APPICON_NAME = AppIcon;
				ASSETCATALOG_COMPILER_GLOBAL_ACCENT_COLOR_NAME = AccentColor;
				CODE_SIGN_STYLE = Automatic;
				DEVELOPMENT_ASSET_PATHS = "\"MentalHealthApp/Preview Content\"";
				DEVELOPMENT_TEAM = ZY82K3XX7G;
				ENABLE_PREVIEWS = YES;
				INFOPLIST_FILE = MentalHealthApp/Info.plist;
				LD_RUNPATH_SEARCH_PATHS = (
					"$(inherited)",
					"@executable_path/Frameworks",
				);
				PRODUCT_BUNDLE_IDENTIFIER = com.3dmations.MentalHealthApp;
				PRODUCT_NAME = "$(TARGET_NAME)";
				SWIFT_VERSION = 5.0;
				TARGETED_DEVICE_FAMILY = "1,2";
			};
			name = Debug;
		};
		E27D9A8125564C84001B9EE3 /* Release */ = {
			isa = XCBuildConfiguration;
			buildSettings = {
				ASSETCATALOG_COMPILER_APPICON_NAME = AppIcon;
				ASSETCATALOG_COMPILER_GLOBAL_ACCENT_COLOR_NAME = AccentColor;
				CODE_SIGN_STYLE = Automatic;
				DEVELOPMENT_ASSET_PATHS = "\"MentalHealthApp/Preview Content\"";
				DEVELOPMENT_TEAM = ZY82K3XX7G;
				ENABLE_PREVIEWS = YES;
				INFOPLIST_FILE = MentalHealthApp/Info.plist;
				LD_RUNPATH_SEARCH_PATHS = (
					"$(inherited)",
					"@executable_path/Frameworks",
				);
				PRODUCT_BUNDLE_IDENTIFIER = com.3dmations.MentalHealthApp;
				PRODUCT_NAME = "$(TARGET_NAME)";
				SWIFT_VERSION = 5.0;
				TARGETED_DEVICE_FAMILY = "1,2";
			};
			name = Release;
		};
/* End XCBuildConfiguration section */

/* Begin XCConfigurationList section */
		E27D9A6625564C83001B9EE3 /* Build configuration list for PBXProject "MentalHealthApp" */ = {
			isa = XCConfigurationList;
			buildConfigurations = (
				E27D9A7D25564C84001B9EE3 /* Debug */,
				E27D9A7E25564C84001B9EE3 /* Release */,
			);
			defaultConfigurationIsVisible = 0;
			defaultConfigurationName = Release;
		};
		E27D9A7F25564C84001B9EE3 /* Build configuration list for PBXNativeTarget "MentalHealthApp" */ = {
			isa = XCConfigurationList;
			buildConfigurations = (
				E27D9A8025564C84001B9EE3 /* Debug */,
				E27D9A8125564C84001B9EE3 /* Release */,
			);
			defaultConfigurationIsVisible = 0;
			defaultConfigurationName = Release;
		};
/* End XCConfigurationList section */

/* Begin XCRemoteSwiftPackageReference section */
		E27D9A8225564D46001B9EE3 /* XCRemoteSwiftPackageReference "SDWebImageSwiftUI" */ = {
			isa = XCRemoteSwiftPackageReference;
			repositoryURL = "https://github.com/SDWebImage/SDWebImageSwiftUI.git";
			requirement = {
				kind = upToNextMajorVersion;
				minimumVersion = 1.5.0;
			};
		};
/* End XCRemoteSwiftPackageReference section */

/* Begin XCSwiftPackageProductDependency section */
		E27D9A8325564D46001B9EE3 /* SDWebImageSwiftUI */ = {
			isa = XCSwiftPackageProductDependency;
			package = E27D9A8225564D46001B9EE3 /* XCRemoteSwiftPackageReference "SDWebImageSwiftUI" */;
			productName = SDWebImageSwiftUI;
		};
/* End XCSwiftPackageProductDependency section */
	};
	rootObject = E27D9A6325564C83001B9EE3 /* Project object */;
}
